
Microsoft Visual Studio Solution File, Format Version 12.00
# Visual Studio Version 16
VisualStudioVersion = 16.0.32228.343
MinimumVisualStudioVersion = 10.0.40219.1
Project("{FAE04EC0-301F-11D3-BF4B-00C04F79EFBC}") = "Uzdevums", "Uzdevums.csproj", "{B3D1EAEE-BBF1-486B-ACE0-9F10271078EF}"
EndProject
Global
	GlobalSection(SolutionConfigurationPlatforms) = preSolution
		Debug|Any CPU = Debug|Any CPU
		Release|Any CPU = Release|Any CPU
	EndGlobalSection
	GlobalSection(ProjectConfigurationPlatforms) = postSolution
		{B3D1EAEE-BBF1-486B-ACE0-9F10271078EF}.Debug|Any CPU.ActiveCfg = Debug|Any CPU
		{B3D1EAEE-BBF1-486B-ACE0-9F10271078EF}.Debug|Any CPU.Build.0 = Debug|Any CPU
		{B3D1EAEE-BBF1-486B-ACE0-9F10271078EF}.Release|Any CPU.ActiveCfg = Release|Any CPU
		{B3D1EAEE-BBF1-486B-ACE0-9F10271078EF}.Release|Any CPU.Build.0 = Release|Any CPU
	EndGlobalSection
	GlobalSection(SolutionProperties) = preSolution
		HideSolutionNode = FALSE
	EndGlobalSection
	GlobalSection(ExtensibilityGlobals) = postSolution
		SolutionGuid = {18EE1DD2-B445-4B65-9B81-628472EFA208}
	EndGlobalSection
EndGlobal
